// !$*UTF8*$!
{
	archiveVersion = 1;
	classes = {
	};
	objectVersion = 56;
	objects = {

/* Begin PBXBuildFile section */
		D294E3CD2B6C18550061B767 /* SafariExtensionExplorer Extension.appex in Embed Foundation Extensions */ = {isa = PBXBuildFile; fileRef = D294E3CC2B6C18550061B767 /* SafariExtensionExplorer Extension.appex */; settings = {ATTRIBUTES = (RemoveHeadersOnCopy, ); }; };
		D294E3D72B6C18550061B767 /* SafariExtensionExplorer Extension.appex in Embed Foundation Extensions */ = {isa = PBXBuildFile; fileRef = D294E3D62B6C18550061B767 /* SafariExtensionExplorer Extension.appex */; settings = {ATTRIBUTES = (RemoveHeadersOnCopy, ); }; };
		D294E3E92B6C18550061B767 /* SafariWebExtensionHandler.swift in Sources */ = {isa = PBXBuildFile; fileRef = D294E3A02B6C18550061B767 /* SafariWebExtensionHandler.swift */; };
		D294E3EA2B6C18550061B767 /* SafariWebExtensionHandler.swift in Sources */ = {isa = PBXBuildFile; fileRef = D294E3A02B6C18550061B767 /* SafariWebExtensionHandler.swift */; };
		D294E3EB2B6C18550061B767 /* _locales in Resources */ = {isa = PBXBuildFile; fileRef = D294E3A22B6C18550061B767 /* _locales */; };
		D294E3EC2B6C18550061B767 /* _locales in Resources */ = {isa = PBXBuildFile; fileRef = D294E3A22B6C18550061B767 /* _locales */; };
		D294E3ED2B6C18550061B767 /* images in Resources */ = {isa = PBXBuildFile; fileRef = D294E3A32B6C18550061B767 /* images */; };
		D294E3EE2B6C18550061B767 /* images in Resources */ = {isa = PBXBuildFile; fileRef = D294E3A32B6C18550061B767 /* images */; };
		D294E3EF2B6C18550061B767 /* manifest.json in Resources */ = {isa = PBXBuildFile; fileRef = D294E3A42B6C18550061B767 /* manifest.json */; };
		D294E3F02B6C18550061B767 /* manifest.json in Resources */ = {isa = PBXBuildFile; fileRef = D294E3A42B6C18550061B767 /* manifest.json */; };
		D294E3F12B6C18550061B767 /* background.js in Resources */ = {isa = PBXBuildFile; fileRef = D294E3A52B6C18550061B767 /* background.js */; };
		D294E3F22B6C18550061B767 /* background.js in Resources */ = {isa = PBXBuildFile; fileRef = D294E3A52B6C18550061B767 /* background.js */; };
		D294E3F32B6C18550061B767 /* content.js in Resources */ = {isa = PBXBuildFile; fileRef = D294E3A62B6C18550061B767 /* content.js */; };
		D294E3F42B6C18550061B767 /* content.js in Resources */ = {isa = PBXBuildFile; fileRef = D294E3A62B6C18550061B767 /* content.js */; };
		D294E3F52B6C18550061B767 /* popup.html in Resources */ = {isa = PBXBuildFile; fileRef = D294E3A72B6C18550061B767 /* popup.html */; };
		D294E3F62B6C18550061B767 /* popup.html in Resources */ = {isa = PBXBuildFile; fileRef = D294E3A72B6C18550061B767 /* popup.html */; };
		D294E3F72B6C18550061B767 /* popup.css in Resources */ = {isa = PBXBuildFile; fileRef = D294E3A82B6C18550061B767 /* popup.css */; };
		D294E3F82B6C18550061B767 /* popup.css in Resources */ = {isa = PBXBuildFile; fileRef = D294E3A82B6C18550061B767 /* popup.css */; };
		D294E3F92B6C18550061B767 /* popup.js in Resources */ = {isa = PBXBuildFile; fileRef = D294E3A92B6C18550061B767 /* popup.js */; };
		D294E3FA2B6C18550061B767 /* popup.js in Resources */ = {isa = PBXBuildFile; fileRef = D294E3A92B6C18550061B767 /* popup.js */; };
		D294E40F2B6C18B90061B767 /* SEMessageService.swift in Sources */ = {isa = PBXBuildFile; fileRef = D294E40C2B6C18B90061B767 /* SEMessageService.swift */; };
		D294E4102B6C18B90061B767 /* SEMessageService.swift in Sources */ = {isa = PBXBuildFile; fileRef = D294E40C2B6C18B90061B767 /* SEMessageService.swift */; };
		D294E4112B6C18B90061B767 /* SEMessageService.swift in Sources */ = {isa = PBXBuildFile; fileRef = D294E40C2B6C18B90061B767 /* SEMessageService.swift */; };
		D294E4122B6C18B90061B767 /* SEMessageService.swift in Sources */ = {isa = PBXBuildFile; fileRef = D294E40C2B6C18B90061B767 /* SEMessageService.swift */; };
		D294E4132B6C18B90061B767 /* AppConstants.swift in Sources */ = {isa = PBXBuildFile; fileRef = D294E40D2B6C18B90061B767 /* AppConstants.swift */; };
		D294E4142B6C18B90061B767 /* AppConstants.swift in Sources */ = {isa = PBXBuildFile; fileRef = D294E40D2B6C18B90061B767 /* AppConstants.swift */; };
		D294E4152B6C18B90061B767 /* AppConstants.swift in Sources */ = {isa = PBXBuildFile; fileRef = D294E40D2B6C18B90061B767 /* AppConstants.swift */; };
		D294E4162B6C18B90061B767 /* AppConstants.swift in Sources */ = {isa = PBXBuildFile; fileRef = D294E40D2B6C18B90061B767 /* AppConstants.swift */; };
		D294E4172B6C18B90061B767 /* ExtensionError.swift in Sources */ = {isa = PBXBuildFile; fileRef = D294E40E2B6C18B90061B767 /* ExtensionError.swift */; };
		D294E4182B6C18B90061B767 /* ExtensionError.swift in Sources */ = {isa = PBXBuildFile; fileRef = D294E40E2B6C18B90061B767 /* ExtensionError.swift */; };
		D294E4192B6C18B90061B767 /* ExtensionError.swift in Sources */ = {isa = PBXBuildFile; fileRef = D294E40E2B6C18B90061B767 /* ExtensionError.swift */; };
		D294E41A2B6C18B90061B767 /* ExtensionError.swift in Sources */ = {isa = PBXBuildFile; fileRef = D294E40E2B6C18B90061B767 /* ExtensionError.swift */; };
		D294E41F2B6C18CD0061B767 /* ContentView.swift in Sources */ = {isa = PBXBuildFile; fileRef = D294E41B2B6C18CD0061B767 /* ContentView.swift */; };
		D294E4202B6C18CD0061B767 /* ContentView.swift in Sources */ = {isa = PBXBuildFile; fileRef = D294E41B2B6C18CD0061B767 /* ContentView.swift */; };
		D294E4212B6C18CD0061B767 /* SafariExtensionExplorerApp.swift in Sources */ = {isa = PBXBuildFile; fileRef = D294E41C2B6C18CD0061B767 /* SafariExtensionExplorerApp.swift */; };
		D294E4222B6C18CD0061B767 /* SafariExtensionExplorerApp.swift in Sources */ = {isa = PBXBuildFile; fileRef = D294E41C2B6C18CD0061B767 /* SafariExtensionExplorerApp.swift */; };
		D294E4232B6C18CD0061B767 /* AdaptiveLayout.swift in Sources */ = {isa = PBXBuildFile; fileRef = D294E41D2B6C18CD0061B767 /* AdaptiveLayout.swift */; };
		D294E4242B6C18CD0061B767 /* AdaptiveLayout.swift in Sources */ = {isa = PBXBuildFile; fileRef = D294E41D2B6C18CD0061B767 /* AdaptiveLayout.swift */; };
		D294E4252B6C18CD0061B767 /* ViewModel.swift in Sources */ = {isa = PBXBuildFile; fileRef = D294E41E2B6C18CD0061B767 /* ViewModel.swift */; };
		D294E4262B6C18CD0061B767 /* ViewModel.swift in Sources */ = {isa = PBXBuildFile; fileRef = D294E41E2B6C18CD0061B767 /* ViewModel.swift */; };
		D294E4282B6C193A0061B767 /* iOSContentView.swift in Sources */ = {isa = PBXBuildFile; fileRef = D294E4272B6C193A0061B767 /* iOSContentView.swift */; };
		D294E42A2B6C194E0061B767 /* MacContentView.swift in Sources */ = {isa = PBXBuildFile; fileRef = D294E4292B6C194E0061B767 /* MacContentView.swift */; };
/* End PBXBuildFile section */

/* Begin PBXContainerItemProxy section */
		D294E3CE2B6C18550061B767 /* PBXContainerItemProxy */ = {
			isa = PBXContainerItemProxy;
			containerPortal = D294E3922B6C18540061B767 /* Project object */;
			proxyType = 1;
			remoteGlobalIDString = D294E3CB2B6C18550061B767;
			remoteInfo = "SafariExtensionExplorer Extension (iOS)";
		};
		D294E3D82B6C18550061B767 /* PBXContainerItemProxy */ = {
			isa = PBXContainerItemProxy;
			containerPortal = D294E3922B6C18540061B767 /* Project object */;
			proxyType = 1;
			remoteGlobalIDString = D294E3D52B6C18550061B767;
			remoteInfo = "SafariExtensionExplorer Extension (macOS)";
		};
/* End PBXContainerItemProxy section */

/* Begin PBXCopyFilesBuildPhase section */
		D294E4002B6C18550061B767 /* Embed Foundation Extensions */ = {
			isa = PBXCopyFilesBuildPhase;
			buildActionMask = 2147483647;
			dstPath = "";
			dstSubfolderSpec = 13;
			files = (
				D294E3CD2B6C18550061B767 /* SafariExtensionExplorer Extension.appex in Embed Foundation Extensions */,
			);
			name = "Embed Foundation Extensions";
			runOnlyForDeploymentPostprocessing = 0;
		};
		D294E4072B6C18550061B767 /* Embed Foundation Extensions */ = {
			isa = PBXCopyFilesBuildPhase;
			buildActionMask = 2147483647;
			dstPath = "";
			dstSubfolderSpec = 13;
			files = (
				D294E3D72B6C18550061B767 /* SafariExtensionExplorer Extension.appex in Embed Foundation Extensions */,
			);
			name = "Embed Foundation Extensions";
			runOnlyForDeploymentPostprocessing = 0;
		};
/* End PBXCopyFilesBuildPhase section */

/* Begin PBXFileReference section */
		D259E81E2B6C454E00152735 /* README.md */ = {isa = PBXFileReference; lastKnownFileType = net.daringfireball.markdown; path = README.md; sourceTree = "<group>"; };
		D259E81F2B6C468200152735 /* SafariExtensionExplorer Extension (iOS).entitlements */ = {isa = PBXFileReference; lastKnownFileType = text.plist.entitlements; path = "SafariExtensionExplorer Extension (iOS).entitlements"; sourceTree = "<group>"; };
		D259E8202B6C46F800152735 /* SafariExtensionExplorer (iOS).entitlements */ = {isa = PBXFileReference; lastKnownFileType = text.plist.entitlements; path = "SafariExtensionExplorer (iOS).entitlements"; sourceTree = "<group>"; };
		D294E3A02B6C18550061B767 /* SafariWebExtensionHandler.swift */ = {isa = PBXFileReference; lastKnownFileType = sourcecode.swift; path = SafariWebExtensionHandler.swift; sourceTree = "<group>"; };
		D294E3A22B6C18550061B767 /* _locales */ = {isa = PBXFileReference; lastKnownFileType = folder; path = _locales; sourceTree = "<group>"; };
		D294E3A32B6C18550061B767 /* images */ = {isa = PBXFileReference; lastKnownFileType = folder; path = images; sourceTree = "<group>"; };
		D294E3A42B6C18550061B767 /* manifest.json */ = {isa = PBXFileReference; lastKnownFileType = text.json; path = manifest.json; sourceTree = "<group>"; };
		D294E3A52B6C18550061B767 /* background.js */ = {isa = PBXFileReference; lastKnownFileType = sourcecode.javascript; path = background.js; sourceTree = "<group>"; };
		D294E3A62B6C18550061B767 /* content.js */ = {isa = PBXFileReference; lastKnownFileType = sourcecode.javascript; path = content.js; sourceTree = "<group>"; };
		D294E3A72B6C18550061B767 /* popup.html */ = {isa = PBXFileReference; lastKnownFileType = text.html; path = popup.html; sourceTree = "<group>"; };
		D294E3A82B6C18550061B767 /* popup.css */ = {isa = PBXFileReference; lastKnownFileType = text.css; path = popup.css; sourceTree = "<group>"; };
		D294E3A92B6C18550061B767 /* popup.js */ = {isa = PBXFileReference; lastKnownFileType = sourcecode.javascript; path = popup.js; sourceTree = "<group>"; };
		D294E3AE2B6C18550061B767 /* SafariExtensionExplorer.app */ = {isa = PBXFileReference; explicitFileType = wrapper.application; includeInIndex = 0; path = SafariExtensionExplorer.app; sourceTree = BUILT_PRODUCTS_DIR; };
		D294E3C02B6C18550061B767 /* SafariExtensionExplorer.app */ = {isa = PBXFileReference; explicitFileType = wrapper.application; includeInIndex = 0; path = SafariExtensionExplorer.app; sourceTree = BUILT_PRODUCTS_DIR; };
		D294E3C72B6C18550061B767 /* SafariExtensionExplorer.entitlements */ = {isa = PBXFileReference; lastKnownFileType = text.plist.entitlements; path = SafariExtensionExplorer.entitlements; sourceTree = "<group>"; };
		D294E3CC2B6C18550061B767 /* SafariExtensionExplorer Extension.appex */ = {isa = PBXFileReference; explicitFileType = "wrapper.app-extension"; includeInIndex = 0; path = "SafariExtensionExplorer Extension.appex"; sourceTree = BUILT_PRODUCTS_DIR; };
		D294E3D12B6C18550061B767 /* Info.plist */ = {isa = PBXFileReference; lastKnownFileType = text.plist.xml; path = Info.plist; sourceTree = "<group>"; };
		D294E3D62B6C18550061B767 /* SafariExtensionExplorer Extension.appex */ = {isa = PBXFileReference; explicitFileType = "wrapper.app-extension"; includeInIndex = 0; path = "SafariExtensionExplorer Extension.appex"; sourceTree = BUILT_PRODUCTS_DIR; };
		D294E3DB2B6C18550061B767 /* Info.plist */ = {isa = PBXFileReference; lastKnownFileType = text.plist.xml; path = Info.plist; sourceTree = "<group>"; };
		D294E3DC2B6C18550061B767 /* SafariExtensionExplorer.entitlements */ = {isa = PBXFileReference; lastKnownFileType = text.plist.entitlements; path = SafariExtensionExplorer.entitlements; sourceTree = "<group>"; };
		D294E40C2B6C18B90061B767 /* SEMessageService.swift */ = {isa = PBXFileReference; fileEncoding = 4; lastKnownFileType = sourcecode.swift; path = SEMessageService.swift; sourceTree = "<group>"; };
		D294E40D2B6C18B90061B767 /* AppConstants.swift */ = {isa = PBXFileReference; fileEncoding = 4; lastKnownFileType = sourcecode.swift; path = AppConstants.swift; sourceTree = "<group>"; };
		D294E40E2B6C18B90061B767 /* ExtensionError.swift */ = {isa = PBXFileReference; fileEncoding = 4; lastKnownFileType = sourcecode.swift; path = ExtensionError.swift; sourceTree = "<group>"; };
		D294E41B2B6C18CD0061B767 /* ContentView.swift */ = {isa = PBXFileReference; fileEncoding = 4; lastKnownFileType = sourcecode.swift; path = ContentView.swift; sourceTree = "<group>"; };
		D294E41C2B6C18CD0061B767 /* SafariExtensionExplorerApp.swift */ = {isa = PBXFileReference; fileEncoding = 4; lastKnownFileType = sourcecode.swift; path = SafariExtensionExplorerApp.swift; sourceTree = "<group>"; };
		D294E41D2B6C18CD0061B767 /* AdaptiveLayout.swift */ = {isa = PBXFileReference; fileEncoding = 4; lastKnownFileType = sourcecode.swift; path = AdaptiveLayout.swift; sourceTree = "<group>"; };
		D294E41E2B6C18CD0061B767 /* ViewModel.swift */ = {isa = PBXFileReference; fileEncoding = 4; lastKnownFileType = sourcecode.swift; path = ViewModel.swift; sourceTree = "<group>"; };
		D294E4272B6C193A0061B767 /* iOSContentView.swift */ = {isa = PBXFileReference; fileEncoding = 4; lastKnownFileType = sourcecode.swift; path = iOSContentView.swift; sourceTree = "<group>"; };
		D294E4292B6C194E0061B767 /* MacContentView.swift */ = {isa = PBXFileReference; fileEncoding = 4; lastKnownFileType = sourcecode.swift; path = MacContentView.swift; sourceTree = "<group>"; };
/* End PBXFileReference section */

/* Begin PBXFrameworksBuildPhase section */
		D294E3AB2B6C18550061B767 /* Frameworks */ = {
			isa = PBXFrameworksBuildPhase;
			buildActionMask = 2147483647;
			files = (
			);
			runOnlyForDeploymentPostprocessing = 0;
		};
		D294E3BD2B6C18550061B767 /* Frameworks */ = {
			isa = PBXFrameworksBuildPhase;
			buildActionMask = 2147483647;
			files = (
			);
			runOnlyForDeploymentPostprocessing = 0;
		};
		D294E3C92B6C18550061B767 /* Frameworks */ = {
			isa = PBXFrameworksBuildPhase;
			buildActionMask = 2147483647;
			files = (
			);
			runOnlyForDeploymentPostprocessing = 0;
		};
		D294E3D32B6C18550061B767 /* Frameworks */ = {
			isa = PBXFrameworksBuildPhase;
			buildActionMask = 2147483647;
			files = (
			);
			runOnlyForDeploymentPostprocessing = 0;
		};
/* End PBXFrameworksBuildPhase section */

/* Begin PBXGroup section */
		D294E3912B6C18540061B767 = {
			isa = PBXGroup;
			children = (
				D259E81E2B6C454E00152735 /* README.md */,
				D294E40B2B6C18B90061B767 /* Shared */,
				D294E3962B6C18540061B767 /* Shared (App) */,
				D294E39F2B6C18550061B767 /* Shared (Extension) */,
				D294E3B02B6C18550061B767 /* iOS (App) */,
				D294E3C12B6C18550061B767 /* macOS (App) */,
				D294E3D02B6C18550061B767 /* iOS (Extension) */,
				D294E3DA2B6C18550061B767 /* macOS (Extension) */,
				D294E3AF2B6C18550061B767 /* Products */,
			);
			sourceTree = "<group>";
		};
		D294E3962B6C18540061B767 /* Shared (App) */ = {
			isa = PBXGroup;
			children = (
				D294E41D2B6C18CD0061B767 /* AdaptiveLayout.swift */,
				D294E41B2B6C18CD0061B767 /* ContentView.swift */,
				D294E41C2B6C18CD0061B767 /* SafariExtensionExplorerApp.swift */,
				D294E41E2B6C18CD0061B767 /* ViewModel.swift */,
			);
			path = "Shared (App)";
			sourceTree = "<group>";
		};
		D294E39F2B6C18550061B767 /* Shared (Extension) */ = {
			isa = PBXGroup;
			children = (
				D294E3A02B6C18550061B767 /* SafariWebExtensionHandler.swift */,
				D294E3A12B6C18550061B767 /* Resources */,
			);
			path = "Shared (Extension)";
			sourceTree = "<group>";
		};
		D294E3A12B6C18550061B767 /* Resources */ = {
			isa = PBXGroup;
			children = (
				D294E3A22B6C18550061B767 /* _locales */,
				D294E3A32B6C18550061B767 /* images */,
				D294E3A42B6C18550061B767 /* manifest.json */,
				D294E3A52B6C18550061B767 /* background.js */,
				D294E3A62B6C18550061B767 /* content.js */,
				D294E3A72B6C18550061B767 /* popup.html */,
				D294E3A82B6C18550061B767 /* popup.css */,
				D294E3A92B6C18550061B767 /* popup.js */,
			);
			path = Resources;
			sourceTree = "<group>";
		};
		D294E3AF2B6C18550061B767 /* Products */ = {
			isa = PBXGroup;
			children = (
				D294E3AE2B6C18550061B767 /* SafariExtensionExplorer.app */,
				D294E3C02B6C18550061B767 /* SafariExtensionExplorer.app */,
				D294E3CC2B6C18550061B767 /* SafariExtensionExplorer Extension.appex */,
				D294E3D62B6C18550061B767 /* SafariExtensionExplorer Extension.appex */,
			);
			name = Products;
			sourceTree = "<group>";
		};
		D294E3B02B6C18550061B767 /* iOS (App) */ = {
			isa = PBXGroup;
			children = (
				D259E8202B6C46F800152735 /* SafariExtensionExplorer (iOS).entitlements */,
				D294E4272B6C193A0061B767 /* iOSContentView.swift */,
			);
			path = "iOS (App)";
			sourceTree = "<group>";
		};
		D294E3C12B6C18550061B767 /* macOS (App) */ = {
			isa = PBXGroup;
			children = (
				D294E4292B6C194E0061B767 /* MacContentView.swift */,
				D294E3C72B6C18550061B767 /* SafariExtensionExplorer.entitlements */,
			);
			path = "macOS (App)";
			sourceTree = "<group>";
		};
		D294E3D02B6C18550061B767 /* iOS (Extension) */ = {
			isa = PBXGroup;
			children = (
				D259E81F2B6C468200152735 /* SafariExtensionExplorer Extension (iOS).entitlements */,
				D294E3D12B6C18550061B767 /* Info.plist */,
			);
			path = "iOS (Extension)";
			sourceTree = "<group>";
		};
		D294E3DA2B6C18550061B767 /* macOS (Extension) */ = {
			isa = PBXGroup;
			children = (
				D294E3DB2B6C18550061B767 /* Info.plist */,
				D294E3DC2B6C18550061B767 /* SafariExtensionExplorer.entitlements */,
			);
			path = "macOS (Extension)";
			sourceTree = "<group>";
		};
		D294E40B2B6C18B90061B767 /* Shared */ = {
			isa = PBXGroup;
			children = (
				D294E40C2B6C18B90061B767 /* SEMessageService.swift */,
				D294E40D2B6C18B90061B767 /* AppConstants.swift */,
				D294E40E2B6C18B90061B767 /* ExtensionError.swift */,
			);
			path = Shared;
			sourceTree = "<group>";
		};
/* End PBXGroup section */

/* Begin PBXNativeTarget section */
		D294E3AD2B6C18550061B767 /* SafariExtensionExplorer (iOS) */ = {
			isa = PBXNativeTarget;
			buildConfigurationList = D294E4012B6C18550061B767 /* Build configuration list for PBXNativeTarget "SafariExtensionExplorer (iOS)" */;
			buildPhases = (
				D294E3AA2B6C18550061B767 /* Sources */,
				D294E3AB2B6C18550061B767 /* Frameworks */,
				D294E3AC2B6C18550061B767 /* Resources */,
				D294E4002B6C18550061B767 /* Embed Foundation Extensions */,
			);
			buildRules = (
			);
			dependencies = (
				D294E3CF2B6C18550061B767 /* PBXTargetDependency */,
			);
			name = "SafariExtensionExplorer (iOS)";
			productName = "SafariExtensionExplorer (iOS)";
			productReference = D294E3AE2B6C18550061B767 /* SafariExtensionExplorer.app */;
			productType = "com.apple.product-type.application";
		};
		D294E3BF2B6C18550061B767 /* SafariExtensionExplorer (macOS) */ = {
			isa = PBXNativeTarget;
			buildConfigurationList = D294E4082B6C18550061B767 /* Build configuration list for PBXNativeTarget "SafariExtensionExplorer (macOS)" */;
			buildPhases = (
				D294E3BC2B6C18550061B767 /* Sources */,
				D294E3BD2B6C18550061B767 /* Frameworks */,
				D294E3BE2B6C18550061B767 /* Resources */,
				D294E4072B6C18550061B767 /* Embed Foundation Extensions */,
			);
			buildRules = (
			);
			dependencies = (
				D294E3D92B6C18550061B767 /* PBXTargetDependency */,
			);
			name = "SafariExtensionExplorer (macOS)";
			productName = "SafariExtensionExplorer (macOS)";
			productReference = D294E3C02B6C18550061B767 /* SafariExtensionExplorer.app */;
			productType = "com.apple.product-type.application";
		};
		D294E3CB2B6C18550061B767 /* SafariExtensionExplorer Extension (iOS) */ = {
			isa = PBXNativeTarget;
			buildConfigurationList = D294E3FD2B6C18550061B767 /* Build configuration list for PBXNativeTarget "SafariExtensionExplorer Extension (iOS)" */;
			buildPhases = (
				D294E3C82B6C18550061B767 /* Sources */,
				D294E3C92B6C18550061B767 /* Frameworks */,
				D294E3CA2B6C18550061B767 /* Resources */,
			);
			buildRules = (
			);
			dependencies = (
			);
			name = "SafariExtensionExplorer Extension (iOS)";
			productName = "SafariExtensionExplorer Extension (iOS)";
			productReference = D294E3CC2B6C18550061B767 /* SafariExtensionExplorer Extension.appex */;
			productType = "com.apple.product-type.app-extension";
		};
		D294E3D52B6C18550061B767 /* SafariExtensionExplorer Extension (macOS) */ = {
			isa = PBXNativeTarget;
			buildConfigurationList = D294E4042B6C18550061B767 /* Build configuration list for PBXNativeTarget "SafariExtensionExplorer Extension (macOS)" */;
			buildPhases = (
				D294E3D22B6C18550061B767 /* Sources */,
				D294E3D32B6C18550061B767 /* Frameworks */,
				D294E3D42B6C18550061B767 /* Resources */,
			);
			buildRules = (
			);
			dependencies = (
			);
			name = "SafariExtensionExplorer Extension (macOS)";
			productName = "SafariExtensionExplorer Extension (macOS)";
			productReference = D294E3D62B6C18550061B767 /* SafariExtensionExplorer Extension.appex */;
			productType = "com.apple.product-type.app-extension";
		};
/* End PBXNativeTarget section */

/* Begin PBXProject section */
		D294E3922B6C18540061B767 /* Project object */ = {
			isa = PBXProject;
			attributes = {
				BuildIndependentTargetsInParallel = 1;
				LastSwiftUpdateCheck = 1520;
				LastUpgradeCheck = 1520;
				TargetAttributes = {
					D294E3AD2B6C18550061B767 = {
						CreatedOnToolsVersion = 15.2;
					};
					D294E3BF2B6C18550061B767 = {
						CreatedOnToolsVersion = 15.2;
					};
					D294E3CB2B6C18550061B767 = {
						CreatedOnToolsVersion = 15.2;
					};
					D294E3D52B6C18550061B767 = {
						CreatedOnToolsVersion = 15.2;
					};
				};
			};
			buildConfigurationList = D294E3952B6C18540061B767 /* Build configuration list for PBXProject "SafariExtensionExplorer" */;
			compatibilityVersion = "Xcode 14.0";
			developmentRegion = en;
			hasScannedForEncodings = 0;
			knownRegions = (
				en,
				Base,
			);
			mainGroup = D294E3912B6C18540061B767;
			productRefGroup = D294E3AF2B6C18550061B767 /* Products */;
			projectDirPath = "";
			projectRoot = "";
			targets = (
				D294E3AD2B6C18550061B767 /* SafariExtensionExplorer (iOS) */,
				D294E3BF2B6C18550061B767 /* SafariExtensionExplorer (macOS) */,
				D294E3CB2B6C18550061B767 /* SafariExtensionExplorer Extension (iOS) */,
				D294E3D52B6C18550061B767 /* SafariExtensionExplorer Extension (macOS) */,
			);
		};
/* End PBXProject section */

/* Begin PBXResourcesBuildPhase section */
		D294E3AC2B6C18550061B767 /* Resources */ = {
			isa = PBXResourcesBuildPhase;
			buildActionMask = 2147483647;
			files = (
			);
			runOnlyForDeploymentPostprocessing = 0;
		};
		D294E3BE2B6C18550061B767 /* Resources */ = {
			isa = PBXResourcesBuildPhase;
			buildActionMask = 2147483647;
			files = (
			);
			runOnlyForDeploymentPostprocessing = 0;
		};
		D294E3CA2B6C18550061B767 /* Resources */ = {
			isa = PBXResourcesBuildPhase;
			buildActionMask = 2147483647;
			files = (
				D294E3F12B6C18550061B767 /* background.js in Resources */,
				D294E3F72B6C18550061B767 /* popup.css in Resources */,
				D294E3F52B6C18550061B767 /* popup.html in Resources */,
				D294E3ED2B6C18550061B767 /* images in Resources */,
				D294E3EF2B6C18550061B767 /* manifest.json in Resources */,
				D294E3EB2B6C18550061B767 /* _locales in Resources */,
				D294E3F32B6C18550061B767 /* content.js in Resources */,
				D294E3F92B6C18550061B767 /* popup.js in Resources */,
			);
			runOnlyForDeploymentPostprocessing = 0;
		};
		D294E3D42B6C18550061B767 /* Resources */ = {
			isa = PBXResourcesBuildPhase;
			buildActionMask = 2147483647;
			files = (
				D294E3F22B6C18550061B767 /* background.js in Resources */,
				D294E3F82B6C18550061B767 /* popup.css in Resources */,
				D294E3F62B6C18550061B767 /* popup.html in Resources */,
				D294E3EE2B6C18550061B767 /* images in Resources */,
				D294E3F02B6C18550061B767 /* manifest.json in Resources */,
				D294E3EC2B6C18550061B767 /* _locales in Resources */,
				D294E3F42B6C18550061B767 /* content.js in Resources */,
				D294E3FA2B6C18550061B767 /* popup.js in Resources */,
			);
			runOnlyForDeploymentPostprocessing = 0;
		};
/* End PBXResourcesBuildPhase section */

/* Begin PBXSourcesBuildPhase section */
		D294E3AA2B6C18550061B767 /* Sources */ = {
			isa = PBXSourcesBuildPhase;
			buildActionMask = 2147483647;
			files = (
				D294E4282B6C193A0061B767 /* iOSContentView.swift in Sources */,
				D294E40F2B6C18B90061B767 /* SEMessageService.swift in Sources */,
				D294E4172B6C18B90061B767 /* ExtensionError.swift in Sources */,
				D294E41F2B6C18CD0061B767 /* ContentView.swift in Sources */,
				D294E4232B6C18CD0061B767 /* AdaptiveLayout.swift in Sources */,
				D294E4212B6C18CD0061B767 /* SafariExtensionExplorerApp.swift in Sources */,
				D294E4132B6C18B90061B767 /* AppConstants.swift in Sources */,
				D294E4252B6C18CD0061B767 /* ViewModel.swift in Sources */,
			);
			runOnlyForDeploymentPostprocessing = 0;
		};
		D294E3BC2B6C18550061B767 /* Sources */ = {
			isa = PBXSourcesBuildPhase;
			buildActionMask = 2147483647;
			files = (
				D294E4102B6C18B90061B767 /* SEMessageService.swift in Sources */,
				D294E4182B6C18B90061B767 /* ExtensionError.swift in Sources */,
				D294E4202B6C18CD0061B767 /* ContentView.swift in Sources */,
				D294E4242B6C18CD0061B767 /* AdaptiveLayout.swift in Sources */,
				D294E4222B6C18CD0061B767 /* SafariExtensionExplorerApp.swift in Sources */,
				D294E4142B6C18B90061B767 /* AppConstants.swift in Sources */,
				D294E42A2B6C194E0061B767 /* MacContentView.swift in Sources */,
				D294E4262B6C18CD0061B767 /* ViewModel.swift in Sources */,
			);
			runOnlyForDeploymentPostprocessing = 0;
		};
		D294E3C82B6C18550061B767 /* Sources */ = {
			isa = PBXSourcesBuildPhase;
			buildActionMask = 2147483647;
			files = (
				D294E3E92B6C18550061B767 /* SafariWebExtensionHandler.swift in Sources */,
				D294E4152B6C18B90061B767 /* AppConstants.swift in Sources */,
				D294E4192B6C18B90061B767 /* ExtensionError.swift in Sources */,
				D294E4112B6C18B90061B767 /* SEMessageService.swift in Sources */,
			);
			runOnlyForDeploymentPostprocessing = 0;
		};
		D294E3D22B6C18550061B767 /* Sources */ = {
			isa = PBXSourcesBuildPhase;
			buildActionMask = 2147483647;
			files = (
				D294E3EA2B6C18550061B767 /* SafariWebExtensionHandler.swift in Sources */,
				D294E4162B6C18B90061B767 /* AppConstants.swift in Sources */,
				D294E41A2B6C18B90061B767 /* ExtensionError.swift in Sources */,
				D294E4122B6C18B90061B767 /* SEMessageService.swift in Sources */,
			);
			runOnlyForDeploymentPostprocessing = 0;
		};
/* End PBXSourcesBuildPhase section */

/* Begin PBXTargetDependency section */
		D294E3CF2B6C18550061B767 /* PBXTargetDependency */ = {
			isa = PBXTargetDependency;
			target = D294E3CB2B6C18550061B767 /* SafariExtensionExplorer Extension (iOS) */;
			targetProxy = D294E3CE2B6C18550061B767 /* PBXContainerItemProxy */;
		};
		D294E3D92B6C18550061B767 /* PBXTargetDependency */ = {
			isa = PBXTargetDependency;
			target = D294E3D52B6C18550061B767 /* SafariExtensionExplorer Extension (macOS) */;
			targetProxy = D294E3D82B6C18550061B767 /* PBXContainerItemProxy */;
		};
/* End PBXTargetDependency section */

/* Begin XCBuildConfiguration section */
		D294E3FB2B6C18550061B767 /* Debug */ = {
			isa = XCBuildConfiguration;
			buildSettings = {
				ALWAYS_SEARCH_USER_PATHS = NO;
				ASSETCATALOG_COMPILER_GENERATE_SWIFT_ASSET_SYMBOL_EXTENSIONS = YES;
				CLANG_ANALYZER_NONNULL = YES;
				CLANG_ANALYZER_NUMBER_OBJECT_CONVERSION = YES_AGGRESSIVE;
				CLANG_CXX_LANGUAGE_STANDARD = "gnu++20";
				CLANG_ENABLE_MODULES = YES;
				CLANG_ENABLE_OBJC_ARC = YES;
				CLANG_ENABLE_OBJC_WEAK = YES;
				CLANG_WARN_BLOCK_CAPTURE_AUTORELEASING = YES;
				CLANG_WARN_BOOL_CONVERSION = YES;
				CLANG_WARN_COMMA = YES;
				CLANG_WARN_CONSTANT_CONVERSION = YES;
				CLANG_WARN_DEPRECATED_OBJC_IMPLEMENTATIONS = YES;
				CLANG_WARN_DIRECT_OBJC_ISA_USAGE = YES_ERROR;
				CLANG_WARN_DOCUMENTATION_COMMENTS = YES;
				CLANG_WARN_EMPTY_BODY = YES;
				CLANG_WARN_ENUM_CONVERSION = YES;
				CLANG_WARN_INFINITE_RECURSION = YES;
				CLANG_WARN_INT_CONVERSION = YES;
				CLANG_WARN_NON_LITERAL_NULL_CONVERSION = YES;
				CLANG_WARN_OBJC_IMPLICIT_RETAIN_SELF = YES;
				CLANG_WARN_OBJC_LITERAL_CONVERSION = YES;
				CLANG_WARN_OBJC_ROOT_CLASS = YES_ERROR;
				CLANG_WARN_QUOTED_INCLUDE_IN_FRAMEWORK_HEADER = YES;
				CLANG_WARN_RANGE_LOOP_ANALYSIS = YES;
				CLANG_WARN_STRICT_PROTOTYPES = YES;
				CLANG_WARN_SUSPICIOUS_MOVE = YES;
				CLANG_WARN_UNGUARDED_AVAILABILITY = YES_AGGRESSIVE;
				CLANG_WARN_UNREACHABLE_CODE = YES;
				CLANG_WARN__DUPLICATE_METHOD_MATCH = YES;
				COPY_PHASE_STRIP = NO;
				DEBUG_INFORMATION_FORMAT = dwarf;
				ENABLE_STRICT_OBJC_MSGSEND = YES;
				ENABLE_TESTABILITY = YES;
				ENABLE_USER_SCRIPT_SANDBOXING = YES;
				GCC_C_LANGUAGE_STANDARD = gnu17;
				GCC_DYNAMIC_NO_PIC = NO;
				GCC_NO_COMMON_BLOCKS = YES;
				GCC_OPTIMIZATION_LEVEL = 0;
				GCC_PREPROCESSOR_DEFINITIONS = (
					"DEBUG=1",
					"$(inherited)",
				);
				GCC_WARN_64_TO_32_BIT_CONVERSION = YES;
				GCC_WARN_ABOUT_RETURN_TYPE = YES_ERROR;
				GCC_WARN_UNDECLARED_SELECTOR = YES;
				GCC_WARN_UNINITIALIZED_AUTOS = YES_AGGRESSIVE;
				GCC_WARN_UNUSED_FUNCTION = YES;
				GCC_WARN_UNUSED_VARIABLE = YES;
				LOCALIZATION_PREFERS_STRING_CATALOGS = YES;
				MTL_ENABLE_DEBUG_INFO = INCLUDE_SOURCE;
				MTL_FAST_MATH = YES;
				ONLY_ACTIVE_ARCH = YES;
				SWIFT_ACTIVE_COMPILATION_CONDITIONS = "DEBUG $(inherited)";
				SWIFT_OPTIMIZATION_LEVEL = "-Onone";
			};
			name = Debug;
		};
		D294E3FC2B6C18550061B767 /* Release */ = {
			isa = XCBuildConfiguration;
			buildSettings = {
				ALWAYS_SEARCH_USER_PATHS = NO;
				ASSETCATALOG_COMPILER_GENERATE_SWIFT_ASSET_SYMBOL_EXTENSIONS = YES;
				CLANG_ANALYZER_NONNULL = YES;
				CLANG_ANALYZER_NUMBER_OBJECT_CONVERSION = YES_AGGRESSIVE;
				CLANG_CXX_LANGUAGE_STANDARD = "gnu++20";
				CLANG_ENABLE_MODULES = YES;
				CLANG_ENABLE_OBJC_ARC = YES;
				CLANG_ENABLE_OBJC_WEAK = YES;
				CLANG_WARN_BLOCK_CAPTURE_AUTORELEASING = YES;
				CLANG_WARN_BOOL_CONVERSION = YES;
				CLANG_WARN_COMMA = YES;
				CLANG_WARN_CONSTANT_CONVERSION = YES;
				CLANG_WARN_DEPRECATED_OBJC_IMPLEMENTATIONS = YES;
				CLANG_WARN_DIRECT_OBJC_ISA_USAGE = YES_ERROR;
				CLANG_WARN_DOCUMENTATION_COMMENTS = YES;
				CLANG_WARN_EMPTY_BODY = YES;
				CLANG_WARN_ENUM_CONVERSION = YES;
				CLANG_WARN_INFINITE_RECURSION = YES;
				CLANG_WARN_INT_CONVERSION = YES;
				CLANG_WARN_NON_LITERAL_NULL_CONVERSION = YES;
				CLANG_WARN_OBJC_IMPLICIT_RETAIN_SELF = YES;
				CLANG_WARN_OBJC_LITERAL_CONVERSION = YES;
				CLANG_WARN_OBJC_ROOT_CLASS = YES_ERROR;
				CLANG_WARN_QUOTED_INCLUDE_IN_FRAMEWORK_HEADER = YES;
				CLANG_WARN_RANGE_LOOP_ANALYSIS = YES;
				CLANG_WARN_STRICT_PROTOTYPES = YES;
				CLANG_WARN_SUSPICIOUS_MOVE = YES;
				CLANG_WARN_UNGUARDED_AVAILABILITY = YES_AGGRESSIVE;
				CLANG_WARN_UNREACHABLE_CODE = YES;
				CLANG_WARN__DUPLICATE_METHOD_MATCH = YES;
				COPY_PHASE_STRIP = NO;
				DEBUG_INFORMATION_FORMAT = "dwarf-with-dsym";
				ENABLE_NS_ASSERTIONS = NO;
				ENABLE_STRICT_OBJC_MSGSEND = YES;
				ENABLE_USER_SCRIPT_SANDBOXING = YES;
				GCC_C_LANGUAGE_STANDARD = gnu17;
				GCC_NO_COMMON_BLOCKS = YES;
				GCC_WARN_64_TO_32_BIT_CONVERSION = YES;
				GCC_WARN_ABOUT_RETURN_TYPE = YES_ERROR;
				GCC_WARN_UNDECLARED_SELECTOR = YES;
				GCC_WARN_UNINITIALIZED_AUTOS = YES_AGGRESSIVE;
				GCC_WARN_UNUSED_FUNCTION = YES;
				GCC_WARN_UNUSED_VARIABLE = YES;
				LOCALIZATION_PREFERS_STRING_CATALOGS = YES;
				MTL_ENABLE_DEBUG_INFO = NO;
				MTL_FAST_MATH = YES;
				SWIFT_COMPILATION_MODE = wholemodule;
			};
			name = Release;
		};
		D294E3FE2B6C18550061B767 /* Debug */ = {
			isa = XCBuildConfiguration;
			buildSettings = {
				CODE_SIGN_ENTITLEMENTS = "iOS (Extension)/SafariExtensionExplorer Extension (iOS).entitlements";
				CODE_SIGN_STYLE = Automatic;
				CURRENT_PROJECT_VERSION = 1;
				DEVELOPMENT_TEAM = KH3G9PXA68;
				GENERATE_INFOPLIST_FILE = YES;
				INFOPLIST_FILE = "iOS (Extension)/Info.plist";
				INFOPLIST_KEY_CFBundleDisplayName = "SafariExtensionExplorer Extension";
				INFOPLIST_KEY_NSHumanReadableCopyright = "";
				IPHONEOS_DEPLOYMENT_TARGET = 16.0;
				LD_RUNPATH_SEARCH_PATHS = (
					"$(inherited)",
					"@executable_path/Frameworks",
					"@executable_path/../../Frameworks",
				);
				MARKETING_VERSION = 1.0;
				OTHER_LDFLAGS = (
					"-framework",
					SafariServices,
				);
				PRODUCT_BUNDLE_IDENTIFIER = com.carlynorama.SafariExtensionExplorer.Extension;
				PRODUCT_NAME = "SafariExtensionExplorer Extension";
				SDKROOT = iphoneos;
				SKIP_INSTALL = YES;
				SWIFT_EMIT_LOC_STRINGS = YES;
				SWIFT_VERSION = 5.0;
				TARGETED_DEVICE_FAMILY = "1,2";
			};
			name = Debug;
		};
		D294E3FF2B6C18550061B767 /* Release */ = {
			isa = XCBuildConfiguration;
			buildSettings = {
				CODE_SIGN_ENTITLEMENTS = "iOS (Extension)/SafariExtensionExplorer Extension (iOS).entitlements";
				CODE_SIGN_STYLE = Automatic;
				CURRENT_PROJECT_VERSION = 1;
				DEVELOPMENT_TEAM = KH3G9PXA68;
				GENERATE_INFOPLIST_FILE = YES;
				INFOPLIST_FILE = "iOS (Extension)/Info.plist";
				INFOPLIST_KEY_CFBundleDisplayName = "SafariExtensionExplorer Extension";
				INFOPLIST_KEY_NSHumanReadableCopyright = "";
				IPHONEOS_DEPLOYMENT_TARGET = 16.0;
				LD_RUNPATH_SEARCH_PATHS = (
					"$(inherited)",
					"@executable_path/Frameworks",
					"@executable_path/../../Frameworks",
				);
				MARKETING_VERSION = 1.0;
				OTHER_LDFLAGS = (
					"-framework",
					SafariServices,
				);
				PRODUCT_BUNDLE_IDENTIFIER = com.carlynorama.SafariExtensionExplorer.Extension;
				PRODUCT_NAME = "SafariExtensionExplorer Extension";
				SDKROOT = iphoneos;
				SKIP_INSTALL = YES;
				SWIFT_EMIT_LOC_STRINGS = YES;
				SWIFT_VERSION = 5.0;
				TARGETED_DEVICE_FAMILY = "1,2";
				VALIDATE_PRODUCT = YES;
			};
			name = Release;
		};
		D294E4022B6C18550061B767 /* Debug */ = {
			isa = XCBuildConfiguration;
			buildSettings = {
				ALWAYS_EMBED_SWIFT_STANDARD_LIBRARIES = YES;
				ASSETCATALOG_COMPILER_APPICON_NAME = AppIcon;
				ASSETCATALOG_COMPILER_GLOBAL_ACCENT_COLOR_NAME = AccentColor;
				CODE_SIGN_ENTITLEMENTS = "iOS (App)/SafariExtensionExplorer (iOS).entitlements";
				CODE_SIGN_STYLE = Automatic;
				CURRENT_PROJECT_VERSION = 1;
				DEVELOPMENT_TEAM = KH3G9PXA68;
				GENERATE_INFOPLIST_FILE = YES;
				INFOPLIST_FILE = "";
				INFOPLIST_KEY_CFBundleDisplayName = SafariExtensionExplorer;
				INFOPLIST_KEY_UIApplicationSupportsIndirectInputEvents = YES;
				INFOPLIST_KEY_UILaunchStoryboardName = LaunchScreen;
				INFOPLIST_KEY_UIMainStoryboardFile = Main;
				INFOPLIST_KEY_UISupportedInterfaceOrientations = "UIInterfaceOrientationPortrait UIInterfaceOrientationLandscapeLeft UIInterfaceOrientationLandscapeRight";
				INFOPLIST_KEY_UISupportedInterfaceOrientations_iPad = "UIInterfaceOrientationPortrait UIInterfaceOrientationPortraitUpsideDown UIInterfaceOrientationLandscapeLeft UIInterfaceOrientationLandscapeRight";
				IPHONEOS_DEPLOYMENT_TARGET = 16.0;
				LD_RUNPATH_SEARCH_PATHS = (
					"$(inherited)",
					"@executable_path/Frameworks",
				);
				MARKETING_VERSION = 1.0;
				OTHER_LDFLAGS = (
					"-framework",
					SafariServices,
					"-framework",
					WebKit,
				);
				PRODUCT_BUNDLE_IDENTIFIER = com.carlynorama.SafariExtensionExplorer;
				PRODUCT_NAME = SafariExtensionExplorer;
				SDKROOT = iphoneos;
				SWIFT_EMIT_LOC_STRINGS = YES;
				SWIFT_VERSION = 5.0;
				TARGETED_DEVICE_FAMILY = "1,2";
			};
			name = Debug;
		};
		D294E4032B6C18550061B767 /* Release */ = {
			isa = XCBuildConfiguration;
			buildSettings = {
				ALWAYS_EMBED_SWIFT_STANDARD_LIBRARIES = YES;
				ASSETCATALOG_COMPILER_APPICON_NAME = AppIcon;
				ASSETCATALOG_COMPILER_GLOBAL_ACCENT_COLOR_NAME = AccentColor;
				CODE_SIGN_ENTITLEMENTS = "iOS (App)/SafariExtensionExplorer (iOS).entitlements";
				CODE_SIGN_STYLE = Automatic;
				CURRENT_PROJECT_VERSION = 1;
				DEVELOPMENT_TEAM = KH3G9PXA68;
				GENERATE_INFOPLIST_FILE = YES;
				INFOPLIST_FILE = "";
				INFOPLIST_KEY_CFBundleDisplayName = SafariExtensionExplorer;
				INFOPLIST_KEY_UIApplicationSupportsIndirectInputEvents = YES;
				INFOPLIST_KEY_UILaunchStoryboardName = LaunchScreen;
				INFOPLIST_KEY_UIMainStoryboardFile = Main;
				INFOPLIST_KEY_UISupportedInterfaceOrientations = "UIInterfaceOrientationPortrait UIInterfaceOrientationLandscapeLeft UIInterfaceOrientationLandscapeRight";
				INFOPLIST_KEY_UISupportedInterfaceOrientations_iPad = "UIInterfaceOrientationPortrait UIInterfaceOrientationPortraitUpsideDown UIInterfaceOrientationLandscapeLeft UIInterfaceOrientationLandscapeRight";
				IPHONEOS_DEPLOYMENT_TARGET = 16.0;
				LD_RUNPATH_SEARCH_PATHS = (
					"$(inherited)",
					"@executable_path/Frameworks",
				);
				MARKETING_VERSION = 1.0;
				OTHER_LDFLAGS = (
					"-framework",
					SafariServices,
					"-framework",
					WebKit,
				);
				PRODUCT_BUNDLE_IDENTIFIER = com.carlynorama.SafariExtensionExplorer;
				PRODUCT_NAME = SafariExtensionExplorer;
				SDKROOT = iphoneos;
				SWIFT_EMIT_LOC_STRINGS = YES;
				SWIFT_VERSION = 5.0;
				TARGETED_DEVICE_FAMILY = "1,2";
				VALIDATE_PRODUCT = YES;
			};
			name = Release;
		};
		D294E4052B6C18550061B767 /* Debug */ = {
			isa = XCBuildConfiguration;
			buildSettings = {
				CODE_SIGN_ENTITLEMENTS = "macOS (Extension)/SafariExtensionExplorer.entitlements";
				CODE_SIGN_STYLE = Automatic;
				CURRENT_PROJECT_VERSION = 1;
				DEVELOPMENT_TEAM = KH3G9PXA68;
				ENABLE_HARDENED_RUNTIME = YES;
				GENERATE_INFOPLIST_FILE = YES;
				INFOPLIST_FILE = "macOS (Extension)/Info.plist";
				INFOPLIST_KEY_CFBundleDisplayName = "SafariExtensionExplorer Extension";
				INFOPLIST_KEY_NSHumanReadableCopyright = "";
				LD_RUNPATH_SEARCH_PATHS = (
					"$(inherited)",
					"@executable_path/../Frameworks",
					"@executable_path/../../../../Frameworks",
				);
				MACOSX_DEPLOYMENT_TARGET = 13.5;
				MARKETING_VERSION = 1.0;
				OTHER_LDFLAGS = (
					"-framework",
					SafariServices,
				);
				PRODUCT_BUNDLE_IDENTIFIER = com.carlynorama.SafariExtensionExplorer.Extension;
				PRODUCT_NAME = "SafariExtensionExplorer Extension";
				SDKROOT = macosx;
				SKIP_INSTALL = YES;
				SWIFT_EMIT_LOC_STRINGS = YES;
				SWIFT_VERSION = 5.0;
				TARGETED_DEVICE_FAMILY = "1,2";
			};
			name = Debug;
		};
		D294E4062B6C18550061B767 /* Release */ = {
			isa = XCBuildConfiguration;
			buildSettings = {
				CODE_SIGN_ENTITLEMENTS = "macOS (Extension)/SafariExtensionExplorer.entitlements";
				CODE_SIGN_STYLE = Automatic;
				CURRENT_PROJECT_VERSION = 1;
				DEVELOPMENT_TEAM = KH3G9PXA68;
				ENABLE_HARDENED_RUNTIME = YES;
				GENERATE_INFOPLIST_FILE = YES;
				INFOPLIST_FILE = "macOS (Extension)/Info.plist";
				INFOPLIST_KEY_CFBundleDisplayName = "SafariExtensionExplorer Extension";
				INFOPLIST_KEY_NSHumanReadableCopyright = "";
				LD_RUNPATH_SEARCH_PATHS = (
					"$(inherited)",
					"@executable_path/../Frameworks",
					"@executable_path/../../../../Frameworks",
				);
				MACOSX_DEPLOYMENT_TARGET = 13.5;
				MARKETING_VERSION = 1.0;
				OTHER_LDFLAGS = (
					"-framework",
					SafariServices,
				);
				PRODUCT_BUNDLE_IDENTIFIER = com.carlynorama.SafariExtensionExplorer.Extension;
				PRODUCT_NAME = "SafariExtensionExplorer Extension";
				SDKROOT = macosx;
				SKIP_INSTALL = YES;
				SWIFT_EMIT_LOC_STRINGS = YES;
				SWIFT_VERSION = 5.0;
			};
			name = Release;
		};
		D294E4092B6C18550061B767 /* Debug */ = {
			isa = XCBuildConfiguration;
			buildSettings = {
				ALWAYS_EMBED_SWIFT_STANDARD_LIBRARIES = YES;
				ASSETCATALOG_COMPILER_APPICON_NAME = AppIcon;
				ASSETCATALOG_COMPILER_GLOBAL_ACCENT_COLOR_NAME = AccentColor;
				CODE_SIGN_ENTITLEMENTS = "macOS (App)/SafariExtensionExplorer.entitlements";
				CODE_SIGN_STYLE = Automatic;
				CURRENT_PROJECT_VERSION = 1;
				DEVELOPMENT_TEAM = KH3G9PXA68;
				ENABLE_HARDENED_RUNTIME = YES;
				GENERATE_INFOPLIST_FILE = YES;
				INFOPLIST_KEY_CFBundleDisplayName = SafariExtensionExplorer;
				INFOPLIST_KEY_NSMainStoryboardFile = Main;
				INFOPLIST_KEY_NSPrincipalClass = NSApplication;
				LD_RUNPATH_SEARCH_PATHS = (
					"$(inherited)",
					"@executable_path/../Frameworks",
				);
				MACOSX_DEPLOYMENT_TARGET = 13.5;
				MARKETING_VERSION = 1.0;
				OTHER_LDFLAGS = (
					"-framework",
					SafariServices,
					"-framework",
					WebKit,
				);
				PRODUCT_BUNDLE_IDENTIFIER = com.carlynorama.SafariExtensionExplorer;
				PRODUCT_NAME = SafariExtensionExplorer;
				SDKROOT = macosx;
				SWIFT_EMIT_LOC_STRINGS = YES;
				SWIFT_VERSION = 5.0;
			};
			name = Debug;
		};
		D294E40A2B6C18550061B767 /* Release */ = {
			isa = XCBuildConfiguration;
			buildSettings = {
				ALWAYS_EMBED_SWIFT_STANDARD_LIBRARIES = YES;
				ASSETCATALOG_COMPILER_APPICON_NAME = AppIcon;
				ASSETCATALOG_COMPILER_GLOBAL_ACCENT_COLOR_NAME = AccentColor;
				CODE_SIGN_ENTITLEMENTS = "macOS (App)/SafariExtensionExplorer.entitlements";
				CODE_SIGN_STYLE = Automatic;
				CURRENT_PROJECT_VERSION = 1;
				DEVELOPMENT_TEAM = KH3G9PXA68;
				ENABLE_HARDENED_RUNTIME = YES;
				GENERATE_INFOPLIST_FILE = YES;
				INFOPLIST_KEY_CFBundleDisplayName = SafariExtensionExplorer;
				INFOPLIST_KEY_NSMainStoryboardFile = Main;
				INFOPLIST_KEY_NSPrincipalClass = NSApplication;
				LD_RUNPATH_SEARCH_PATHS = (
					"$(inherited)",
					"@executable_path/../Frameworks",
				);
				MACOSX_DEPLOYMENT_TARGET = 13.5;
				MARKETING_VERSION = 1.0;
				OTHER_LDFLAGS = (
					"-framework",
					SafariServices,
					"-framework",
					WebKit,
				);
				PRODUCT_BUNDLE_IDENTIFIER = com.carlynorama.SafariExtensionExplorer;
				PRODUCT_NAME = SafariExtensionExplorer;
				SDKROOT = macosx;
				SWIFT_EMIT_LOC_STRINGS = YES;
				SWIFT_VERSION = 5.0;
				TARGETED_DEVICE_FAMILY = "1,2";
			};
			name = Release;
		};
/* End XCBuildConfiguration section */

/* Begin XCConfigurationList section */
		D294E3952B6C18540061B767 /* Build configuration list for PBXProject "SafariExtensionExplorer" */ = {
			isa = XCConfigurationList;
			buildConfigurations = (
				D294E3FB2B6C18550061B767 /* Debug */,
				D294E3FC2B6C18550061B767 /* Release */,
			);
			defaultConfigurationIsVisible = 0;
			defaultConfigurationName = Release;
		};
		D294E3FD2B6C18550061B767 /* Build configuration list for PBXNativeTarget "SafariExtensionExplorer Extension (iOS)" */ = {
			isa = XCConfigurationList;
			buildConfigurations = (
				D294E3FE2B6C18550061B767 /* Debug */,
				D294E3FF2B6C18550061B767 /* Release */,
			);
			defaultConfigurationIsVisible = 0;
			defaultConfigurationName = Release;
		};
		D294E4012B6C18550061B767 /* Build configuration list for PBXNativeTarget "SafariExtensionExplorer (iOS)" */ = {
			isa = XCConfigurationList;
			buildConfigurations = (
				D294E4022B6C18550061B767 /* Debug */,
				D294E4032B6C18550061B767 /* Release */,
			);
			defaultConfigurationIsVisible = 0;
			defaultConfigurationName = Release;
		};
		D294E4042B6C18550061B767 /* Build configuration list for PBXNativeTarget "SafariExtensionExplorer Extension (macOS)" */ = {
			isa = XCConfigurationList;
			buildConfigurations = (
				D294E4052B6C18550061B767 /* Debug */,
				D294E4062B6C18550061B767 /* Release */,
			);
			defaultConfigurationIsVisible = 0;
			defaultConfigurationName = Release;
		};
		D294E4082B6C18550061B767 /* Build configuration list for PBXNativeTarget "SafariExtensionExplorer (macOS)" */ = {
			isa = XCConfigurationList;
			buildConfigurations = (
				D294E4092B6C18550061B767 /* Debug */,
				D294E40A2B6C18550061B767 /* Release */,
			);
			defaultConfigurationIsVisible = 0;
			defaultConfigurationName = Release;
		};
/* End XCConfigurationList section */
	};
	rootObject = D294E3922B6C18540061B767 /* Project object */;
}
